
Microsoft Visual Studio Solution File, Format Version 12.00
# Visual Studio 2013
VisualStudioVersion = 12.0.40629.0
MinimumVisualStudioVersion = 10.0.40219.1
Project("{2150E333-8FDC-42A3-9474-1A3956D46DE8}") = "Common", "Common", "{2E78A664-B862-49C5-B8F2-C077361C41D8}"
EndProject
Project("{2150E333-8FDC-42A3-9474-1A3956D46DE8}") = "Modules", "Modules", "{7FACBFBD-28CC-4010-A2C9-CE6C781721FD}"
EndProject
Project("{2150E333-8FDC-42A3-9474-1A3956D46DE8}") = "Tests", "Tests", "{AEBC174D-8948-412E-8513-BE3A0A66EE13}"
EndProject
Project("{FAE04EC0-301F-11D3-BF4B-00C04F79EFBC}") = "Caerus.Common", "Common\Caerus.Common\Caerus.Common.csproj", "{37386A98-4A7F-4197-965B-FC9EBA8166C7}"
EndProject
Project("{FAE04EC0-301F-11D3-BF4B-00C04F79EFBC}") = "Caerus.Common.Auth", "Common\Caerus.Common.Auth\Caerus.Common.Auth.csproj", "{682C507A-3B92-45ED-A5D3-2AA7931E2295}"
EndProject
Project("{FAE04EC0-301F-11D3-BF4B-00C04F79EFBC}") = "Caerus.Common.Data", "Common\Caerus.Common.Data\Caerus.Common.Data.csproj", "{C1935F08-FBCE-49D9-A5CA-DF72865C87AE}"
EndProject
Project("{FAE04EC0-301F-11D3-BF4B-00C04F79EFBC}") = "Caerus.Common.Logging", "Common\Caerus.Common.Logging\Caerus.Common.Logging.csproj", "{CA928BD2-B124-4DB4-95F9-6FAE529E320F}"
EndProject
Project("{FAE04EC0-301F-11D3-BF4B-00C04F79EFBC}") = "Caerus.Common.Modules", "Common\Caerus.Common.Modules\Caerus.Common.Modules.csproj", "{BE43721B-EE7E-4D5E-A416-B2A696B5AEE4}"
EndProject
Project("{FAE04EC0-301F-11D3-BF4B-00C04F79EFBC}") = "Caerus.Common.Tools", "Common\Caerus.Common.Tools\Caerus.Common.Tools.csproj", "{D71DDDC9-DECD-4A08-A3AA-9C3C2BA06109}"
EndProject
Project("{FAE04EC0-301F-11D3-BF4B-00C04F79EFBC}") = "Caerus.Common.Web", "Common\Caerus.Common.Web\Caerus.Common.Web.csproj", "{C561B4A2-931E-4E30-A72C-D05682A21D18}"
EndProject
Project("{FAE04EC0-301F-11D3-BF4B-00C04F79EFBC}") = "Caerus.Modules.Authentication.Service", "Modules\Authentication\AuthenticationService\Caerus.Modules.Authentication.Service.csproj", "{87EA423A-09E9-405D-A183-516821CA2835}"
EndProject
Project("{FAE04EC0-301F-11D3-BF4B-00C04F79EFBC}") = "Caerus.Modules.Configuration.Service", "Modules\Configuration\ConfigurationService\Caerus.Modules.Configuration.Service.csproj", "{2D0E1FE1-0E59-41EB-ABE8-A4742551B44F}"
EndProject
Project("{FAE04EC0-301F-11D3-BF4B-00C04F79EFBC}") = "Caerus.Tests", "Tests\Caerus.Tests\Caerus.Tests.csproj", "{735E900E-CDA0-472C-8C95-C758C5FC5172}"
EndProject
Project("{2150E333-8FDC-42A3-9474-1A3956D46DE8}") = "Authentication", "Authentication", "{A6E56364-3622-46F6-8D4A-00DC47E3E062}"
EndProject
Project("{2150E333-8FDC-42A3-9474-1A3956D46DE8}") = "Configuration", "Configuration", "{FDB4E47F-CDE1-4053-95F2-B95396CF62FE}"
EndProject
Project("{2150E333-8FDC-42A3-9474-1A3956D46DE8}") = ".nuget", ".nuget", "{4621224F-7FB0-4326-B8A1-FB64ACD78050}"
	ProjectSection(SolutionItems) = preProject
		.nuget\NuGet.Config = .nuget\NuGet.Config
		.nuget\NuGet.exe = .nuget\NuGet.exe
		.nuget\NuGet.targets = .nuget\NuGet.targets
	EndProjectSection
EndProject
Project("{2150E333-8FDC-42A3-9474-1A3956D46DE8}") = "Notification", "Notification", "{30E32783-40B2-4D9A-BAF4-9154C119FF41}"
EndProject
Project("{2150E333-8FDC-42A3-9474-1A3956D46DE8}") = "Accounting", "Accounting", "{90764A05-AEAB-47F3-A765-AE81C123BE0F}"
EndProject
Project("{2150E333-8FDC-42A3-9474-1A3956D46DE8}") = "Client", "Client", "{DAAC3E66-EFE2-4070-A352-56C49D4BF8D3}"
EndProject
Project("{2150E333-8FDC-42A3-9474-1A3956D46DE8}") = "FieldMapping", "FieldMapping", "{F533D039-414C-4A7D-9D94-8EAF4919B950}"
EndProject
Project("{FAE04EC0-301F-11D3-BF4B-00C04F79EFBC}") = "Caerus.Common.Stub", "Common\Caerus.Common.Stub\Caerus.Common.Stub.csproj", "{60334971-B7AC-469E-A0EA-FFE4E3812EFC}"
EndProject
Project("{2150E333-8FDC-42A3-9474-1A3956D46DE8}") = "Database", "Database", "{9B7A6219-0994-42F9-A22C-078BFF3B4CED}"
EndProject
Project("{2150E333-8FDC-42A3-9474-1A3956D46DE8}") = "Startup", "Startup", "{376FDA3D-3BF2-4C89-952D-6EABC488FF27}"
EndProject
Project("{00D1A9C2-B5F0-4AF3-8072-F6C62B433612}") = "Startup.Database", "Database\Startup.Database\Startup.Database.sqlproj", "{AC93CD57-E2C0-4DFD-8462-0CDB31322E6F}"
EndProject
Project("{2150E333-8FDC-42A3-9474-1A3956D46DE8}") = "Services", "Services", "{FF94846B-0F28-48B8-90C3-CBCE5DEBCA67}"
EndProject
Project("{2150E333-8FDC-42A3-9474-1A3956D46DE8}") = "WebSites", "WebSites", "{BBD47E73-2799-4AE7-B802-459FACFA2CF7}"
EndProject
Project("{2150E333-8FDC-42A3-9474-1A3956D46DE8}") = "WinApps", "WinApps", "{00F8FE55-9564-4C50-9F67-036E0F90F9B8}"
EndProject
Project("{2150E333-8FDC-42A3-9474-1A3956D46DE8}") = "WinServices", "WinServices", "{06CF40B2-FE5C-412A-B800-9D9E2455E2D9}"
EndProject
Project("{2150E333-8FDC-42A3-9474-1A3956D46DE8}") = "WebServices", "WebServices", "{FF581304-5D3F-4329-A4F3-8B23C7C982AB}"
EndProject
Project("{2150E333-8FDC-42A3-9474-1A3956D46DE8}") = "Audit", "Audit", "{792AEC09-BB44-48A7-A79D-85A04765A4E0}"
EndProject
Project("{FAE04EC0-301F-11D3-BF4B-00C04F79EFBC}") = "Caerus.Modules.Audit.Service", "Modules\Audit\Caerus.Modules.Audit.Service\Caerus.Modules.Audit.Service.csproj", "{303A9747-6325-4866-BD40-0EA6B8D2FD93}"
EndProject
Project("{2150E333-8FDC-42A3-9474-1A3956D46DE8}") = "Document", "Document", "{7B8A6399-2215-456A-B7D4-EC83C60A5BAC}"
EndProject
Project("{2150E333-8FDC-42A3-9474-1A3956D46DE8}") = "Geocode", "Geocode", "{BEFEACBC-39D0-4008-85DC-FECF8F259457}"
EndProject
Project("{FAE04EC0-301F-11D3-BF4B-00C04F79EFBC}") = "Caerus.Modules.GeoCode.Service", "Modules\Address\Caerus.Modules.Address.Service\Caerus.Modules.GeoCode.Service.csproj", "{BA811D7E-369D-4F18-A653-E28AD9F3A132}"
EndProject
Project("{2150E333-8FDC-42A3-9474-1A3956D46DE8}") = "BankAccount", "BankAccount", "{65A7CEE8-7D9A-41D0-871F-31B614C05ACA}"
EndProject
Project("{FAE04EC0-301F-11D3-BF4B-00C04F79EFBC}") = "SampleSite", "Services\WebSites\SampleSite\SampleSite.csproj", "{B1D3088B-0090-40F6-A62C-C038D05B9818}"
EndProject
Project("{2150E333-8FDC-42A3-9474-1A3956D46DE8}") = "Products", "Products", "{07EEEFFD-950B-40B7-9374-939DEC97ED23}"
EndProject
Project("{FAE04EC0-301F-11D3-BF4B-00C04F79EFBC}") = "Caerus.Modules.FieldMapping.Service", "Modules\FieldMapping\Caerus.Modules.FieldMapping.Service\Caerus.Modules.FieldMapping.Service.csproj", "{9B483E0B-7BD4-42C6-AFA3-575AB3828096}"
EndProject
Project("{FAE04EC0-301F-11D3-BF4B-00C04F79EFBC}") = "Caerus.Modules.Client.Service", "Modules\Client\Caerus.Modules.Client.Service\Caerus.Modules.Client.Service.csproj", "{FD7F61F2-4BED-42ED-AAF1-B08B3B62C127}"
EndProject
Project("{2150E333-8FDC-42A3-9474-1A3956D46DE8}") = "Lookup", "Lookup", "{501EF1EE-E0B0-43FE-B13E-A9CE81237349}"
EndProject
Global
	GlobalSection(SolutionConfigurationPlatforms) = preSolution
		Debug|Any CPU = Debug|Any CPU
		Release|Any CPU = Release|Any CPU
	EndGlobalSection
	GlobalSection(ProjectConfigurationPlatforms) = postSolution
		{37386A98-4A7F-4197-965B-FC9EBA8166C7}.Debug|Any CPU.ActiveCfg = Debug|Any CPU
		{37386A98-4A7F-4197-965B-FC9EBA8166C7}.Debug|Any CPU.Build.0 = Debug|Any CPU
		{37386A98-4A7F-4197-965B-FC9EBA8166C7}.Release|Any CPU.ActiveCfg = Release|Any CPU
		{37386A98-4A7F-4197-965B-FC9EBA8166C7}.Release|Any CPU.Build.0 = Release|Any CPU
		{682C507A-3B92-45ED-A5D3-2AA7931E2295}.Debug|Any CPU.ActiveCfg = Debug|Any CPU
		{682C507A-3B92-45ED-A5D3-2AA7931E2295}.Debug|Any CPU.Build.0 = Debug|Any CPU
		{682C507A-3B92-45ED-A5D3-2AA7931E2295}.Release|Any CPU.ActiveCfg = Release|Any CPU
		{682C507A-3B92-45ED-A5D3-2AA7931E2295}.Release|Any CPU.Build.0 = Release|Any CPU
		{C1935F08-FBCE-49D9-A5CA-DF72865C87AE}.Debug|Any CPU.ActiveCfg = Debug|Any CPU
		{C1935F08-FBCE-49D9-A5CA-DF72865C87AE}.Debug|Any CPU.Build.0 = Debug|Any CPU
		{C1935F08-FBCE-49D9-A5CA-DF72865C87AE}.Release|Any CPU.ActiveCfg = Release|Any CPU
		{C1935F08-FBCE-49D9-A5CA-DF72865C87AE}.Release|Any CPU.Build.0 = Release|Any CPU
		{CA928BD2-B124-4DB4-95F9-6FAE529E320F}.Debug|Any CPU.ActiveCfg = Debug|Any CPU
		{CA928BD2-B124-4DB4-95F9-6FAE529E320F}.Debug|Any CPU.Build.0 = Debug|Any CPU
		{CA928BD2-B124-4DB4-95F9-6FAE529E320F}.Release|Any CPU.ActiveCfg = Release|Any CPU
		{CA928BD2-B124-4DB4-95F9-6FAE529E320F}.Release|Any CPU.Build.0 = Release|Any CPU
		{BE43721B-EE7E-4D5E-A416-B2A696B5AEE4}.Debug|Any CPU.ActiveCfg = Debug|Any CPU
		{BE43721B-EE7E-4D5E-A416-B2A696B5AEE4}.Debug|Any CPU.Build.0 = Debug|Any CPU
		{BE43721B-EE7E-4D5E-A416-B2A696B5AEE4}.Release|Any CPU.ActiveCfg = Release|Any CPU
		{BE43721B-EE7E-4D5E-A416-B2A696B5AEE4}.Release|Any CPU.Build.0 = Release|Any CPU
		{D71DDDC9-DECD-4A08-A3AA-9C3C2BA06109}.Debug|Any CPU.ActiveCfg = Debug|Any CPU
		{D71DDDC9-DECD-4A08-A3AA-9C3C2BA06109}.Debug|Any CPU.Build.0 = Debug|Any CPU
		{D71DDDC9-DECD-4A08-A3AA-9C3C2BA06109}.Release|Any CPU.ActiveCfg = Release|Any CPU
		{D71DDDC9-DECD-4A08-A3AA-9C3C2BA06109}.Release|Any CPU.Build.0 = Release|Any CPU
		{C561B4A2-931E-4E30-A72C-D05682A21D18}.Debug|Any CPU.ActiveCfg = Debug|Any CPU
		{C561B4A2-931E-4E30-A72C-D05682A21D18}.Debug|Any CPU.Build.0 = Debug|Any CPU
		{C561B4A2-931E-4E30-A72C-D05682A21D18}.Release|Any CPU.ActiveCfg = Release|Any CPU
		{C561B4A2-931E-4E30-A72C-D05682A21D18}.Release|Any CPU.Build.0 = Release|Any CPU
		{87EA423A-09E9-405D-A183-516821CA2835}.Debug|Any CPU.ActiveCfg = Debug|Any CPU
		{87EA423A-09E9-405D-A183-516821CA2835}.Debug|Any CPU.Build.0 = Debug|Any CPU
		{87EA423A-09E9-405D-A183-516821CA2835}.Release|Any CPU.ActiveCfg = Release|Any CPU
		{87EA423A-09E9-405D-A183-516821CA2835}.Release|Any CPU.Build.0 = Release|Any CPU
		{2D0E1FE1-0E59-41EB-ABE8-A4742551B44F}.Debug|Any CPU.ActiveCfg = Debug|Any CPU
		{2D0E1FE1-0E59-41EB-ABE8-A4742551B44F}.Debug|Any CPU.Build.0 = Debug|Any CPU
		{2D0E1FE1-0E59-41EB-ABE8-A4742551B44F}.Release|Any CPU.ActiveCfg = Release|Any CPU
		{2D0E1FE1-0E59-41EB-ABE8-A4742551B44F}.Release|Any CPU.Build.0 = Release|Any CPU
		{735E900E-CDA0-472C-8C95-C758C5FC5172}.Debug|Any CPU.ActiveCfg = Debug|Any CPU
		{735E900E-CDA0-472C-8C95-C758C5FC5172}.Debug|Any CPU.Build.0 = Debug|Any CPU
		{735E900E-CDA0-472C-8C95-C758C5FC5172}.Release|Any CPU.ActiveCfg = Release|Any CPU
		{735E900E-CDA0-472C-8C95-C758C5FC5172}.Release|Any CPU.Build.0 = Release|Any CPU
		{60334971-B7AC-469E-A0EA-FFE4E3812EFC}.Debug|Any CPU.ActiveCfg = Debug|Any CPU
		{60334971-B7AC-469E-A0EA-FFE4E3812EFC}.Debug|Any CPU.Build.0 = Debug|Any CPU
		{60334971-B7AC-469E-A0EA-FFE4E3812EFC}.Release|Any CPU.ActiveCfg = Release|Any CPU
		{60334971-B7AC-469E-A0EA-FFE4E3812EFC}.Release|Any CPU.Build.0 = Release|Any CPU
		{AC93CD57-E2C0-4DFD-8462-0CDB31322E6F}.Debug|Any CPU.ActiveCfg = Debug|Any CPU
		{AC93CD57-E2C0-4DFD-8462-0CDB31322E6F}.Debug|Any CPU.Build.0 = Debug|Any CPU
		{AC93CD57-E2C0-4DFD-8462-0CDB31322E6F}.Debug|Any CPU.Deploy.0 = Debug|Any CPU
		{AC93CD57-E2C0-4DFD-8462-0CDB31322E6F}.Release|Any CPU.ActiveCfg = Release|Any CPU
		{AC93CD57-E2C0-4DFD-8462-0CDB31322E6F}.Release|Any CPU.Build.0 = Release|Any CPU
		{AC93CD57-E2C0-4DFD-8462-0CDB31322E6F}.Release|Any CPU.Deploy.0 = Release|Any CPU
		{303A9747-6325-4866-BD40-0EA6B8D2FD93}.Debug|Any CPU.ActiveCfg = Debug|Any CPU
		{303A9747-6325-4866-BD40-0EA6B8D2FD93}.Debug|Any CPU.Build.0 = Debug|Any CPU
		{303A9747-6325-4866-BD40-0EA6B8D2FD93}.Release|Any CPU.ActiveCfg = Release|Any CPU
		{303A9747-6325-4866-BD40-0EA6B8D2FD93}.Release|Any CPU.Build.0 = Release|Any CPU
		{BA811D7E-369D-4F18-A653-E28AD9F3A132}.Debug|Any CPU.ActiveCfg = Debug|Any CPU
		{BA811D7E-369D-4F18-A653-E28AD9F3A132}.Debug|Any CPU.Build.0 = Debug|Any CPU
		{BA811D7E-369D-4F18-A653-E28AD9F3A132}.Release|Any CPU.ActiveCfg = Release|Any CPU
		{BA811D7E-369D-4F18-A653-E28AD9F3A132}.Release|Any CPU.Build.0 = Release|Any CPU
		{B1D3088B-0090-40F6-A62C-C038D05B9818}.Debug|Any CPU.ActiveCfg = Debug|Any CPU
		{B1D3088B-0090-40F6-A62C-C038D05B9818}.Debug|Any CPU.Build.0 = Debug|Any CPU
		{B1D3088B-0090-40F6-A62C-C038D05B9818}.Release|Any CPU.ActiveCfg = Release|Any CPU
		{B1D3088B-0090-40F6-A62C-C038D05B9818}.Release|Any CPU.Build.0 = Release|Any CPU
		{9B483E0B-7BD4-42C6-AFA3-575AB3828096}.Debug|Any CPU.ActiveCfg = Debug|Any CPU
		{9B483E0B-7BD4-42C6-AFA3-575AB3828096}.Debug|Any CPU.Build.0 = Debug|Any CPU
		{9B483E0B-7BD4-42C6-AFA3-575AB3828096}.Release|Any CPU.ActiveCfg = Release|Any CPU
		{9B483E0B-7BD4-42C6-AFA3-575AB3828096}.Release|Any CPU.Build.0 = Release|Any CPU
		{FD7F61F2-4BED-42ED-AAF1-B08B3B62C127}.Debug|Any CPU.ActiveCfg = Debug|Any CPU
		{FD7F61F2-4BED-42ED-AAF1-B08B3B62C127}.Debug|Any CPU.Build.0 = Debug|Any CPU
		{FD7F61F2-4BED-42ED-AAF1-B08B3B62C127}.Release|Any CPU.ActiveCfg = Release|Any CPU
		{FD7F61F2-4BED-42ED-AAF1-B08B3B62C127}.Release|Any CPU.Build.0 = Release|Any CPU
	EndGlobalSection
	GlobalSection(SolutionProperties) = preSolution
		HideSolutionNode = FALSE
	EndGlobalSection
	GlobalSection(NestedProjects) = preSolution
		{37386A98-4A7F-4197-965B-FC9EBA8166C7} = {2E78A664-B862-49C5-B8F2-C077361C41D8}
		{682C507A-3B92-45ED-A5D3-2AA7931E2295} = {2E78A664-B862-49C5-B8F2-C077361C41D8}
		{C1935F08-FBCE-49D9-A5CA-DF72865C87AE} = {2E78A664-B862-49C5-B8F2-C077361C41D8}
		{CA928BD2-B124-4DB4-95F9-6FAE529E320F} = {2E78A664-B862-49C5-B8F2-C077361C41D8}
		{BE43721B-EE7E-4D5E-A416-B2A696B5AEE4} = {2E78A664-B862-49C5-B8F2-C077361C41D8}
		{D71DDDC9-DECD-4A08-A3AA-9C3C2BA06109} = {2E78A664-B862-49C5-B8F2-C077361C41D8}
		{C561B4A2-931E-4E30-A72C-D05682A21D18} = {2E78A664-B862-49C5-B8F2-C077361C41D8}
		{87EA423A-09E9-405D-A183-516821CA2835} = {A6E56364-3622-46F6-8D4A-00DC47E3E062}
		{2D0E1FE1-0E59-41EB-ABE8-A4742551B44F} = {FDB4E47F-CDE1-4053-95F2-B95396CF62FE}
		{735E900E-CDA0-472C-8C95-C758C5FC5172} = {AEBC174D-8948-412E-8513-BE3A0A66EE13}
		{A6E56364-3622-46F6-8D4A-00DC47E3E062} = {7FACBFBD-28CC-4010-A2C9-CE6C781721FD}
		{FDB4E47F-CDE1-4053-95F2-B95396CF62FE} = {7FACBFBD-28CC-4010-A2C9-CE6C781721FD}
		{30E32783-40B2-4D9A-BAF4-9154C119FF41} = {7FACBFBD-28CC-4010-A2C9-CE6C781721FD}
		{90764A05-AEAB-47F3-A765-AE81C123BE0F} = {7FACBFBD-28CC-4010-A2C9-CE6C781721FD}
		{DAAC3E66-EFE2-4070-A352-56C49D4BF8D3} = {7FACBFBD-28CC-4010-A2C9-CE6C781721FD}
		{F533D039-414C-4A7D-9D94-8EAF4919B950} = {7FACBFBD-28CC-4010-A2C9-CE6C781721FD}
		{60334971-B7AC-469E-A0EA-FFE4E3812EFC} = {2E78A664-B862-49C5-B8F2-C077361C41D8}
		{376FDA3D-3BF2-4C89-952D-6EABC488FF27} = {9B7A6219-0994-42F9-A22C-078BFF3B4CED}
		{AC93CD57-E2C0-4DFD-8462-0CDB31322E6F} = {376FDA3D-3BF2-4C89-952D-6EABC488FF27}
		{BBD47E73-2799-4AE7-B802-459FACFA2CF7} = {FF94846B-0F28-48B8-90C3-CBCE5DEBCA67}
		{00F8FE55-9564-4C50-9F67-036E0F90F9B8} = {FF94846B-0F28-48B8-90C3-CBCE5DEBCA67}
		{06CF40B2-FE5C-412A-B800-9D9E2455E2D9} = {FF94846B-0F28-48B8-90C3-CBCE5DEBCA67}
		{FF581304-5D3F-4329-A4F3-8B23C7C982AB} = {FF94846B-0F28-48B8-90C3-CBCE5DEBCA67}
		{792AEC09-BB44-48A7-A79D-85A04765A4E0} = {7FACBFBD-28CC-4010-A2C9-CE6C781721FD}
		{303A9747-6325-4866-BD40-0EA6B8D2FD93} = {792AEC09-BB44-48A7-A79D-85A04765A4E0}
		{7B8A6399-2215-456A-B7D4-EC83C60A5BAC} = {7FACBFBD-28CC-4010-A2C9-CE6C781721FD}
		{BEFEACBC-39D0-4008-85DC-FECF8F259457} = {7FACBFBD-28CC-4010-A2C9-CE6C781721FD}
		{BA811D7E-369D-4F18-A653-E28AD9F3A132} = {BEFEACBC-39D0-4008-85DC-FECF8F259457}
		{65A7CEE8-7D9A-41D0-871F-31B614C05ACA} = {7FACBFBD-28CC-4010-A2C9-CE6C781721FD}
		{B1D3088B-0090-40F6-A62C-C038D05B9818} = {BBD47E73-2799-4AE7-B802-459FACFA2CF7}
		{07EEEFFD-950B-40B7-9374-939DEC97ED23} = {7FACBFBD-28CC-4010-A2C9-CE6C781721FD}
		{9B483E0B-7BD4-42C6-AFA3-575AB3828096} = {F533D039-414C-4A7D-9D94-8EAF4919B950}
		{FD7F61F2-4BED-42ED-AAF1-B08B3B62C127} = {DAAC3E66-EFE2-4070-A352-56C49D4BF8D3}
		{501EF1EE-E0B0-43FE-B13E-A9CE81237349} = {7FACBFBD-28CC-4010-A2C9-CE6C781721FD}
	EndGlobalSection
EndGlobal
